
Microsoft Visual Studio Solution File, Format Version 12.00
# Visual Studio Version 17
VisualStudioVersion = 17.14.37027.9
MinimumVisualStudioVersion = 10.0.40219.1
Project("{FAE04EC0-301F-11D3-BF4B-00C04F79EFBC}") = "ProductService", "ProductService\ProductService.csproj", "{76DFD5FD-98FE-4EE0-B595-3C7EA7B3CBF8}"
EndProject
Project("{FAE04EC0-301F-11D3-BF4B-00C04F79EFBC}") = "ProductService.Test", "ProductService.Test\ProductService.Test.csproj", "{D70D95E5-B2A2-4CF6-85F7-FD0EE7D34B20}"
EndProject
Project("{FAE04EC0-301F-11D3-BF4B-00C04F79EFBC}") = "ProductService.Api", "ProductService.Api\ProductService.Api.csproj", "{07102EE7-5985-411A-95D5-B8D800EA60F7}"
EndProject
Project("{FAE04EC0-301F-11D3-BF4B-00C04F79EFBC}") = "AuthService", "AuthService\AuthService.csproj", "{DBDB2558-096E-414A-A782-4FD867EEA132}"
EndProject
Project("{FAE04EC0-301F-11D3-BF4B-00C04F79EFBC}") = "AuthService.Api", "AuthService.Api\AuthService.Api.csproj", "{6040329F-33D6-4A03-B4F9-8605E02DF7E1}"
EndProject
Project("{FAE04EC0-301F-11D3-BF4B-00C04F79EFBC}") = "AuthService.Test", "AuthService.Test\AuthService.Test.csproj", "{44587EAD-5D17-478F-B326-BD96D93DE688}"
EndProject
Project("{FAE04EC0-301F-11D3-BF4B-00C04F79EFBC}") = "PaymentService", "PaymentService\PaymentService.csproj", "{4EFA58C8-C1A4-4C7D-BA85-C9CCBCCD2733}"
EndProject
Project("{FAE04EC0-301F-11D3-BF4B-00C04F79EFBC}") = "PaymentService.Api", "PaymentService.Api\PaymentService.Api.csproj", "{BDC8BCBA-6057-4825-86E1-F2F66CBAE8DF}"
EndProject
Project("{FAE04EC0-301F-11D3-BF4B-00C04F79EFBC}") = "PaymentService.Test", "PaymentService.Test\PaymentService.Test.csproj", "{1517D2BC-91D7-4E1F-ACAD-D187AD8A321D}"
EndProject
Project("{FAE04EC0-301F-11D3-BF4B-00C04F79EFBC}") = "PolicyService", "PolicyService\PolicyService.csproj", "{9EB28209-4C5B-4342-AC2F-6C24D6899495}"
EndProject
Project("{FAE04EC0-301F-11D3-BF4B-00C04F79EFBC}") = "PolicyService.Api", "PolicyService.Api\PolicyService.Api.csproj", "{CD207A74-61BD-4C2B-9919-DB26F6494BBA}"
EndProject
Project("{FAE04EC0-301F-11D3-BF4B-00C04F79EFBC}") = "PolicyService.Test", "PolicyService.Test\PolicyService.Test.csproj", "{FB16AB24-695E-4A0F-B9CA-F7FD41B9EAD3}"
EndProject
Project("{FAE04EC0-301F-11D3-BF4B-00C04F79EFBC}") = "PricingService", "PricingService\PricingService.csproj", "{30658081-085A-419A-A08F-C19FE6A8C742}"
EndProject
Project("{FAE04EC0-301F-11D3-BF4B-00C04F79EFBC}") = "PricingService.Api", "PricingService.Api\PricingService.Api.csproj", "{D74A3F54-06EE-41AC-B107-20B526B41349}"
EndProject
Project("{FAE04EC0-301F-11D3-BF4B-00C04F79EFBC}") = "PricingService.Test", "PricingService.Test\PricingService.Test.csproj", "{D92A1108-217F-4CCF-8BB2-EB557B4CBCD8}"
EndProject
Project("{FAE04EC0-301F-11D3-BF4B-00C04F79EFBC}") = "DocumentService", "DocumentService\DocumentService.csproj", "{DFBBCE98-C1B0-4C07-A252-9AB37F8ED521}"
EndProject
Project("{FAE04EC0-301F-11D3-BF4B-00C04F79EFBC}") = "DocumentService.Api", "DocumentService.Api\DocumentService.Api.csproj", "{B62B4677-FD6D-4833-96C6-8A964CE91059}"
EndProject
Project("{FAE04EC0-301F-11D3-BF4B-00C04F79EFBC}") = "DocumentService.Test", "DocumentService.Test\DocumentService.Test.csproj", "{4C68AA1F-9281-49EA-A66A-9841CE1CAA3C}"
EndProject
Project("{FAE04EC0-301F-11D3-BF4B-00C04F79EFBC}") = "PolicySearchService", "PolicySearchService\PolicySearchService.csproj", "{12B53AA1-2F55-41B9-A64F-76B9BEFDB58A}"
EndProject
Project("{FAE04EC0-301F-11D3-BF4B-00C04F79EFBC}") = "PolicySearchService.Api", "PolicySearchService.Api\PolicySearchService.Api.csproj", "{39FFB15E-4628-42F1-A44C-7FE7E9CDF957}"
EndProject
Project("{FAE04EC0-301F-11D3-BF4B-00C04F79EFBC}") = "PolicySearchService.Test", "PolicySearchService.Test\PolicySearchService.Test.csproj", "{08EB31ED-4094-4CB8-A777-E478F416510D}"
EndProject
Project("{FAE04EC0-301F-11D3-BF4B-00C04F79EFBC}") = "ChatService", "ChatService\ChatService.csproj", "{CBD5985E-D59C-4419-B899-6CEEDE11BBA8}"
EndProject
Project("{FAE04EC0-301F-11D3-BF4B-00C04F79EFBC}") = "ChatService.Api", "ChatService.Api\ChatService.Api.csproj", "{8D5A163A-BF54-405A-87DB-B2F74D846BFC}"
EndProject
Project("{FAE04EC0-301F-11D3-BF4B-00C04F79EFBC}") = "ChatService.Test", "ChatService.Test\ChatService.Test.csproj", "{95FEFAF8-C869-448C-B765-95B946F00CF6}"
EndProject
Project("{2150E333-8FDC-42A3-9474-1A3956D46DE8}") = "postgres", "postgres", "{02EA681E-C7D8-13C7-8484-4AC65E1B71E8}"
	ProjectSection(SolutionItems) = preProject
		C:\Users\DIEU TRAN\OneDrive\Máy tính\Kiến Trúc\postgres\postgres\createdatabases.sql = C:\Users\DIEU TRAN\OneDrive\Máy tính\Kiến Trúc\postgres\postgres\createdatabases.sql
		C:\Users\DIEU TRAN\OneDrive\Máy tính\Kiến Trúc\postgres\postgres\Dockerfile = C:\Users\DIEU TRAN\OneDrive\Máy tính\Kiến Trúc\postgres\postgres\Dockerfile
	EndProjectSection
EndProject
Project("{2150E333-8FDC-42A3-9474-1A3956D46DE8}") = "eureka-server", "eureka-server", "{35EEFA86-61B6-45F4-8DF7-E87122C2AFF0}"
	ProjectSection(SolutionItems) = preProject
		C:\Users\DIEU TRAN\OneDrive\Máy tính\Kiến Trúc\eureka-server\eureka-server\build.gradle = C:\Users\DIEU TRAN\OneDrive\Máy tính\Kiến Trúc\eureka-server\eureka-server\build.gradle
		C:\Users\DIEU TRAN\OneDrive\Máy tính\Kiến Trúc\eureka-server\eureka-server\Dockerfile = C:\Users\DIEU TRAN\OneDrive\Máy tính\Kiến Trúc\eureka-server\eureka-server\Dockerfile
		C:\Users\DIEU TRAN\OneDrive\Máy tính\Kiến Trúc\eureka-server\eureka-server\gradlew = C:\Users\DIEU TRAN\OneDrive\Máy tính\Kiến Trúc\eureka-server\eureka-server\gradlew
		C:\Users\DIEU TRAN\OneDrive\Máy tính\Kiến Trúc\eureka-server\eureka-server\gradlew.bat = C:\Users\DIEU TRAN\OneDrive\Máy tính\Kiến Trúc\eureka-server\eureka-server\gradlew.bat
		C:\Users\DIEU TRAN\OneDrive\Máy tính\Kiến Trúc\eureka-server\Web.config = C:\Users\DIEU TRAN\OneDrive\Máy tính\Kiến Trúc\eureka-server\Web.config
	EndProjectSection
EndProject
Project("{2150E333-8FDC-42A3-9474-1A3956D46DE8}") = "scr", "scr", "{C381B909-C10D-4891-A7E2-9B3158EE7AF5}"
EndProject
Project("{2150E333-8FDC-42A3-9474-1A3956D46DE8}") = "main", "main", "{AF9C72AE-E472-4988-8B3B-223F64894889}"
EndProject
Project("{2150E333-8FDC-42A3-9474-1A3956D46DE8}") = "java", "java", "{06B628C2-F6E8-44C5-853E-71B80DA65C8E}"
EndProject
Project("{2150E333-8FDC-42A3-9474-1A3956D46DE8}") = "resourcues", "resourcues", "{923AD3CE-6E7A-4763-B3DB-8DCF149D3759}"
	ProjectSection(SolutionItems) = preProject
		C:\Users\DIEU TRAN\OneDrive\Máy tính\Kiến Trúc\eureka-server\eureka-server\src\main\resources\application.yml = C:\Users\DIEU TRAN\OneDrive\Máy tính\Kiến Trúc\eureka-server\eureka-server\src\main\resources\application.yml
	EndProjectSection
EndProject
Project("{2150E333-8FDC-42A3-9474-1A3956D46DE8}") = "net", "net", "{A886AA3D-51A5-4727-8DD1-79CF7B1C85C5}"
EndProject
Project("{2150E333-8FDC-42A3-9474-1A3956D46DE8}") = "chrisricbardson", "chrisricbardson", "{3E73BEF0-9352-4F5B-934A-7EC1DFAAAAE9}"
EndProject
Project("{2150E333-8FDC-42A3-9474-1A3956D46DE8}") = "eurekaserver", "eurekaserver", "{A3C1FFF2-D69C-4962-AF8E-17FAD8ADF810}"
	ProjectSection(SolutionItems) = preProject
		C:\Users\DIEU TRAN\OneDrive\Máy tính\Kiến Trúc\eureka-server\eureka-server\src\main\java\net\chrisrichardson\microservices\eurekaserver\EurekaServer.java = C:\Users\DIEU TRAN\OneDrive\Máy tính\Kiến Trúc\eureka-server\eureka-server\src\main\java\net\chrisrichardson\microservices\eurekaserver\EurekaServer.java
	EndProjectSection
EndProject
Project("{2150E333-8FDC-42A3-9474-1A3956D46DE8}") = "gradle", "gradle", "{A0BE0538-5CB5-4A20-BFBD-0911A90B74BD}"
EndProject
Project("{2150E333-8FDC-42A3-9474-1A3956D46DE8}") = "wrapper", "wrapper", "{C0DFD308-C198-4307-B7A2-0C420D4E0A5A}"
	ProjectSection(SolutionItems) = preProject
		C:\Users\DIEU TRAN\OneDrive\Máy tính\Kiến Trúc\eureka-server\eureka-server\gradle\wrapper\gradle-wrapper.jar = C:\Users\DIEU TRAN\OneDrive\Máy tính\Kiến Trúc\eureka-server\eureka-server\gradle\wrapper\gradle-wrapper.jar
		C:\Users\DIEU TRAN\OneDrive\Máy tính\Kiến Trúc\eureka-server\eureka-server\gradle\wrapper\gradle-wrapper.properties = C:\Users\DIEU TRAN\OneDrive\Máy tính\Kiến Trúc\eureka-server\eureka-server\gradle\wrapper\gradle-wrapper.properties
	EndProjectSection
EndProject
Project("{2150E333-8FDC-42A3-9474-1A3956D46DE8}") = "scripts", "scripts", "{210774CF-D11B-42A0-A9DB-0435F2BAEB74}"
	ProjectSection(SolutionItems) = preProject
		C:\Users\DIEU TRAN\OneDrive\Máy tính\Kiến Trúc\scripts\Web.config = C:\Users\DIEU TRAN\OneDrive\Máy tính\Kiến Trúc\scripts\Web.config
	EndProjectSection
EndProject
Project("{2150E333-8FDC-42A3-9474-1A3956D46DE8}") = "scripts", "scripts", "{519F53A3-73AE-4013-89C5-0CA245D05DC9}"
	ProjectSection(SolutionItems) = preProject
		C:\Users\DIEU TRAN\OneDrive\Máy tính\Kiến Trúc\scripts\scripts\app-build.sh = C:\Users\DIEU TRAN\OneDrive\Máy tính\Kiến Trúc\scripts\scripts\app-build.sh
		C:\Users\DIEU TRAN\OneDrive\Máy tính\Kiến Trúc\scripts\scripts\app-down.sh = C:\Users\DIEU TRAN\OneDrive\Máy tính\Kiến Trúc\scripts\scripts\app-down.sh
		C:\Users\DIEU TRAN\OneDrive\Máy tính\Kiến Trúc\scripts\scripts\app-logs.sh = C:\Users\DIEU TRAN\OneDrive\Máy tính\Kiến Trúc\scripts\scripts\app-logs.sh
		C:\Users\DIEU TRAN\OneDrive\Máy tính\Kiến Trúc\scripts\scripts\app-run.sh = C:\Users\DIEU TRAN\OneDrive\Máy tính\Kiến Trúc\scripts\scripts\app-run.sh
		C:\Users\DIEU TRAN\OneDrive\Máy tính\Kiến Trúc\scripts\scripts\app.yml = C:\Users\DIEU TRAN\OneDrive\Máy tính\Kiến Trúc\scripts\scripts\app.yml
		C:\Users\DIEU TRAN\OneDrive\Máy tính\Kiến Trúc\scripts\scripts\build-without-tests.bat = C:\Users\DIEU TRAN\OneDrive\Máy tính\Kiến Trúc\scripts\scripts\build-without-tests.bat
		C:\Users\DIEU TRAN\OneDrive\Máy tính\Kiến Trúc\scripts\scripts\build-without-tests.sh = C:\Users\DIEU TRAN\OneDrive\Máy tính\Kiến Trúc\scripts\scripts\build-without-tests.sh
		C:\Users\DIEU TRAN\OneDrive\Máy tính\Kiến Trúc\scripts\scripts\build.bat = C:\Users\DIEU TRAN\OneDrive\Máy tính\Kiến Trúc\scripts\scripts\build.bat
		C:\Users\DIEU TRAN\OneDrive\Máy tính\Kiến Trúc\scripts\scripts\build.sh = C:\Users\DIEU TRAN\OneDrive\Máy tính\Kiến Trúc\scripts\scripts\build.sh
		C:\Users\DIEU TRAN\OneDrive\Máy tính\Kiến Trúc\scripts\scripts\infra-build.sh = C:\Users\DIEU TRAN\OneDrive\Máy tính\Kiến Trúc\scripts\scripts\infra-build.sh
		C:\Users\DIEU TRAN\OneDrive\Máy tính\Kiến Trúc\scripts\scripts\infra-down.sh = C:\Users\DIEU TRAN\OneDrive\Máy tính\Kiến Trúc\scripts\scripts\infra-down.sh
		C:\Users\DIEU TRAN\OneDrive\Máy tính\Kiến Trúc\scripts\scripts\infra-logs.sh = C:\Users\DIEU TRAN\OneDrive\Máy tính\Kiến Trúc\scripts\scripts\infra-logs.sh
		C:\Users\DIEU TRAN\OneDrive\Máy tính\Kiến Trúc\scripts\scripts\infra-run.sh = C:\Users\DIEU TRAN\OneDrive\Máy tính\Kiến Trúc\scripts\scripts\infra-run.sh
		C:\Users\DIEU TRAN\OneDrive\Máy tính\Kiến Trúc\scripts\scripts\infra.yml = C:\Users\DIEU TRAN\OneDrive\Máy tính\Kiến Trúc\scripts\scripts\infra.yml
		C:\Users\DIEU TRAN\OneDrive\Máy tính\Kiến Trúc\scripts\scripts\rabbitmq-isolated.conf = C:\Users\DIEU TRAN\OneDrive\Máy tính\Kiến Trúc\scripts\scripts\rabbitmq-isolated.conf
	EndProjectSection
EndProject
Project("{2150E333-8FDC-42A3-9474-1A3956D46DE8}") = "BlazorWasmClient", "BlazorWasmClient", "{54A692CB-2B48-4A28-A7E9-7BA486D2F0F2}"
	ProjectSection(SolutionItems) = preProject
		C:\Users\DIEU TRAN\OneDrive\Máy tính\Kiến Trúc\BlazorWasmClient\BlazorWasmClient\App.razor = C:\Users\DIEU TRAN\OneDrive\Máy tính\Kiến Trúc\BlazorWasmClient\BlazorWasmClient\App.razor
		C:\Users\DIEU TRAN\OneDrive\Máy tính\Kiến Trúc\BlazorWasmClient\BlazorWasmClient\BlazorWasmClient.csproj = C:\Users\DIEU TRAN\OneDrive\Máy tính\Kiến Trúc\BlazorWasmClient\BlazorWasmClient\BlazorWasmClient.csproj
		C:\Users\DIEU TRAN\OneDrive\Máy tính\Kiến Trúc\BlazorWasmClient\BlazorWasmClient\GlobalUsings.cs = C:\Users\DIEU TRAN\OneDrive\Máy tính\Kiến Trúc\BlazorWasmClient\BlazorWasmClient\GlobalUsings.cs
		C:\Users\DIEU TRAN\OneDrive\Máy tính\Kiến Trúc\BlazorWasmClient\BlazorWasmClient\Program.cs = C:\Users\DIEU TRAN\OneDrive\Máy tính\Kiến Trúc\BlazorWasmClient\BlazorWasmClient\Program.cs
		C:\Users\DIEU TRAN\OneDrive\Máy tính\Kiến Trúc\BlazorWasmClient\BlazorWasmClient\_Imports.razor = C:\Users\DIEU TRAN\OneDrive\Máy tính\Kiến Trúc\BlazorWasmClient\BlazorWasmClient\_Imports.razor
	EndProjectSection
EndProject
Project("{2150E333-8FDC-42A3-9474-1A3956D46DE8}") = "Web", "Web", "{DB0837DD-F2E2-47FD-BABA-74BB12E964F8}"
	ProjectSection(SolutionItems) = preProject
		C:\Users\DIEU TRAN\OneDrive\Máy tính\Kiến Trúc\Web\Web\.dockerignore = C:\Users\DIEU TRAN\OneDrive\Máy tính\Kiến Trúc\Web\Web\.dockerignore
		C:\Users\DIEU TRAN\OneDrive\Máy tính\Kiến Trúc\Web\Web\.env-example = C:\Users\DIEU TRAN\OneDrive\Máy tính\Kiến Trúc\Web\Web\.env-example
		C:\Users\DIEU TRAN\OneDrive\Máy tính\Kiến Trúc\Web\Web\.gitignore = C:\Users\DIEU TRAN\OneDrive\Máy tính\Kiến Trúc\Web\Web\.gitignore
		C:\Users\DIEU TRAN\OneDrive\Máy tính\Kiến Trúc\Web\Web\babel.config.js = C:\Users\DIEU TRAN\OneDrive\Máy tính\Kiến Trúc\Web\Web\babel.config.js
		C:\Users\DIEU TRAN\OneDrive\Máy tính\Kiến Trúc\Web\Web\Dockerfile = C:\Users\DIEU TRAN\OneDrive\Máy tính\Kiến Trúc\Web\Web\Dockerfile
		C:\Users\DIEU TRAN\OneDrive\Máy tính\Kiến Trúc\Web\Web\nginx.conf = C:\Users\DIEU TRAN\OneDrive\Máy tính\Kiến Trúc\Web\Web\nginx.conf
		C:\Users\DIEU TRAN\OneDrive\Máy tính\Kiến Trúc\Web\Web\package-lock.json = C:\Users\DIEU TRAN\OneDrive\Máy tính\Kiến Trúc\Web\Web\package-lock.json
		C:\Users\DIEU TRAN\OneDrive\Máy tính\Kiến Trúc\Web\Web\package.json = C:\Users\DIEU TRAN\OneDrive\Máy tính\Kiến Trúc\Web\Web\package.json
		C:\Users\DIEU TRAN\OneDrive\Máy tính\Kiến Trúc\Web\Web\README.md = C:\Users\DIEU TRAN\OneDrive\Máy tính\Kiến Trúc\Web\Web\README.md
		C:\Users\DIEU TRAN\OneDrive\Máy tính\Kiến Trúc\Web\Web\yarn.lock = C:\Users\DIEU TRAN\OneDrive\Máy tính\Kiến Trúc\Web\Web\yarn.lock
	EndProjectSection
EndProject
Project("{2150E333-8FDC-42A3-9474-1A3956D46DE8}") = "public", "public", "{B1F52A86-E360-41F2-87C9-57086EE8657B}"
	ProjectSection(SolutionItems) = preProject
		C:\Users\DIEU TRAN\OneDrive\Máy tính\Kiến Trúc\Web\Web\public\favicon.ico = C:\Users\DIEU TRAN\OneDrive\Máy tính\Kiến Trúc\Web\Web\public\favicon.ico
		C:\Users\DIEU TRAN\OneDrive\Máy tính\Kiến Trúc\Web\Web\public\index.html = C:\Users\DIEU TRAN\OneDrive\Máy tính\Kiến Trúc\Web\Web\public\index.html
	EndProjectSection
EndProject
Project("{2150E333-8FDC-42A3-9474-1A3956D46DE8}") = "src", "src", "{92A2A944-E2D1-41E9-92A5-96FBC161A13F}"
	ProjectSection(SolutionItems) = preProject
		C:\Users\DIEU TRAN\OneDrive\Máy tính\Kiến Trúc\Web\Web\src\App.vue = C:\Users\DIEU TRAN\OneDrive\Máy tính\Kiến Trúc\Web\Web\src\App.vue
		C:\Users\DIEU TRAN\OneDrive\Máy tính\Kiến Trúc\Web\Web\src\main.js = C:\Users\DIEU TRAN\OneDrive\Máy tính\Kiến Trúc\Web\Web\src\main.js
		C:\Users\DIEU TRAN\OneDrive\Máy tính\Kiến Trúc\Web\Web\src\router.js = C:\Users\DIEU TRAN\OneDrive\Máy tính\Kiến Trúc\Web\Web\src\router.js
	EndProjectSection
EndProject
Project("{2150E333-8FDC-42A3-9474-1A3956D46DE8}") = "static", "static", "{B2167835-747E-4DF4-AC65-62CA50A2F8FF}"
	ProjectSection(SolutionItems) = preProject
		C:\Users\DIEU TRAN\OneDrive\Máy tính\Kiến Trúc\Web\Web\public\static\car.jpg = C:\Users\DIEU TRAN\OneDrive\Máy tính\Kiến Trúc\Web\Web\public\static\car.jpg
		C:\Users\DIEU TRAN\OneDrive\Máy tính\Kiến Trúc\Web\Web\public\static\farm.jpg = C:\Users\DIEU TRAN\OneDrive\Máy tính\Kiến Trúc\Web\Web\public\static\farm.jpg
		C:\Users\DIEU TRAN\OneDrive\Máy tính\Kiến Trúc\Web\Web\public\static\house.jpg = C:\Users\DIEU TRAN\OneDrive\Máy tính\Kiến Trúc\Web\Web\public\static\house.jpg
		C:\Users\DIEU TRAN\OneDrive\Máy tính\Kiến Trúc\Web\Web\public\static\travel.jpg = C:\Users\DIEU TRAN\OneDrive\Máy tính\Kiến Trúc\Web\Web\public\static\travel.jpg
	EndProjectSection
EndProject
Project("{2150E333-8FDC-42A3-9474-1A3956D46DE8}") = "avatars", "avatars", "{B22C9FD6-30C6-4701-9AEF-CAD9385070F7}"
	ProjectSection(SolutionItems) = preProject
		C:\Users\DIEU TRAN\OneDrive\Máy tính\Kiến Trúc\Web\Web\public\static\avatars\admin.png = C:\Users\DIEU TRAN\OneDrive\Máy tính\Kiến Trúc\Web\Web\public\static\avatars\admin.png
		C:\Users\DIEU TRAN\OneDrive\Máy tính\Kiến Trúc\Web\Web\public\static\avatars\agent1.png = C:\Users\DIEU TRAN\OneDrive\Máy tính\Kiến Trúc\Web\Web\public\static\avatars\agent1.png
		C:\Users\DIEU TRAN\OneDrive\Máy tính\Kiến Trúc\Web\Web\public\static\avatars\danny_solid.png = C:\Users\DIEU TRAN\OneDrive\Máy tính\Kiến Trúc\Web\Web\public\static\avatars\danny_solid.png
		C:\Users\DIEU TRAN\OneDrive\Máy tính\Kiến Trúc\Web\Web\public\static\avatars\jimmy_solid.png = C:\Users\DIEU TRAN\OneDrive\Máy tính\Kiến Trúc\Web\Web\public\static\avatars\jimmy_solid.png
	EndProjectSection
EndProject
Project("{2150E333-8FDC-42A3-9474-1A3956D46DE8}") = "views", "views", "{8D97BCF1-B813-4995-8EE7-B51FD1AB5186}"
	ProjectSection(SolutionItems) = preProject
		C:\Users\DIEU TRAN\OneDrive\Máy tính\Kiến Trúc\Web\Web\src\views\AccountView.vue = C:\Users\DIEU TRAN\OneDrive\Máy tính\Kiến Trúc\Web\Web\src\views\AccountView.vue
		C:\Users\DIEU TRAN\OneDrive\Máy tính\Kiến Trúc\Web\Web\src\views\ChatbotView.vue = C:\Users\DIEU TRAN\OneDrive\Máy tính\Kiến Trúc\Web\Web\src\views\ChatbotView.vue
		C:\Users\DIEU TRAN\OneDrive\Máy tính\Kiến Trúc\Web\Web\src\views\ChatView.vue = C:\Users\DIEU TRAN\OneDrive\Máy tính\Kiến Trúc\Web\Web\src\views\ChatView.vue
		C:\Users\DIEU TRAN\OneDrive\Máy tính\Kiến Trúc\Web\Web\src\views\DashboardView.vue = C:\Users\DIEU TRAN\OneDrive\Máy tính\Kiến Trúc\Web\Web\src\views\DashboardView.vue
		C:\Users\DIEU TRAN\OneDrive\Máy tính\Kiến Trúc\Web\Web\src\views\HomeView.vue = C:\Users\DIEU TRAN\OneDrive\Máy tính\Kiến Trúc\Web\Web\src\views\HomeView.vue
		C:\Users\DIEU TRAN\OneDrive\Máy tính\Kiến Trúc\Web\Web\src\views\PoliciesView.vue = C:\Users\DIEU TRAN\OneDrive\Máy tính\Kiến Trúc\Web\Web\src\views\PoliciesView.vue
		C:\Users\DIEU TRAN\OneDrive\Máy tính\Kiến Trúc\Web\Web\src\views\PolicyCreateView.vue = C:\Users\DIEU TRAN\OneDrive\Máy tính\Kiến Trúc\Web\Web\src\views\PolicyCreateView.vue
		C:\Users\DIEU TRAN\OneDrive\Máy tính\Kiến Trúc\Web\Web\src\views\PolicyDetailsView.vue = C:\Users\DIEU TRAN\OneDrive\Máy tính\Kiến Trúc\Web\Web\src\views\PolicyDetailsView.vue
		C:\Users\DIEU TRAN\OneDrive\Máy tính\Kiến Trúc\Web\Web\src\views\ProductDetailsView.vue = C:\Users\DIEU TRAN\OneDrive\Máy tính\Kiến Trúc\Web\Web\src\views\ProductDetailsView.vue
		C:\Users\DIEU TRAN\OneDrive\Máy tính\Kiến Trúc\Web\Web\src\views\ProductsView.vue = C:\Users\DIEU TRAN\OneDrive\Máy tính\Kiến Trúc\Web\Web\src\views\ProductsView.vue
	EndProjectSection
EndProject
Project("{2150E333-8FDC-42A3-9474-1A3956D46DE8}") = "components", "components", "{6929A441-6179-4F89-AD2F-7541BC2E7CB3}"
	ProjectSection(SolutionItems) = preProject
		C:\Users\DIEU TRAN\OneDrive\Máy tính\Kiến Trúc\Web\Web\src\components\Account.vue = C:\Users\DIEU TRAN\OneDrive\Máy tính\Kiến Trúc\Web\Web\src\components\Account.vue
		C:\Users\DIEU TRAN\OneDrive\Máy tính\Kiến Trúc\Web\Web\src\components\Chat.vue = C:\Users\DIEU TRAN\OneDrive\Máy tính\Kiến Trúc\Web\Web\src\components\Chat.vue
		C:\Users\DIEU TRAN\OneDrive\Máy tính\Kiến Trúc\Web\Web\src\components\Chatbot.vue = C:\Users\DIEU TRAN\OneDrive\Máy tính\Kiến Trúc\Web\Web\src\components\Chatbot.vue
		C:\Users\DIEU TRAN\OneDrive\Máy tính\Kiến Trúc\Web\Web\src\components\CoverList.vue = C:\Users\DIEU TRAN\OneDrive\Máy tính\Kiến Trúc\Web\Web\src\components\CoverList.vue
		C:\Users\DIEU TRAN\OneDrive\Máy tính\Kiến Trúc\Web\Web\src\components\Dashboard.vue = C:\Users\DIEU TRAN\OneDrive\Máy tính\Kiến Trúc\Web\Web\src\components\Dashboard.vue
		C:\Users\DIEU TRAN\OneDrive\Máy tính\Kiến Trúc\Web\Web\src\components\Home.vue = C:\Users\DIEU TRAN\OneDrive\Máy tính\Kiến Trúc\Web\Web\src\components\Home.vue
		C:\Users\DIEU TRAN\OneDrive\Máy tính\Kiến Trúc\Web\Web\src\components\PolicyCreate.vue = C:\Users\DIEU TRAN\OneDrive\Máy tính\Kiến Trúc\Web\Web\src\components\PolicyCreate.vue
		C:\Users\DIEU TRAN\OneDrive\Máy tính\Kiến Trúc\Web\Web\src\components\PolicyDetails.vue = C:\Users\DIEU TRAN\OneDrive\Máy tính\Kiến Trúc\Web\Web\src\components\PolicyDetails.vue
		C:\Users\DIEU TRAN\OneDrive\Máy tính\Kiến Trúc\Web\Web\src\components\PolicyList.vue = C:\Users\DIEU TRAN\OneDrive\Máy tính\Kiến Trúc\Web\Web\src\components\PolicyList.vue
		C:\Users\DIEU TRAN\OneDrive\Máy tính\Kiến Trúc\Web\Web\src\components\ProductCard.vue = C:\Users\DIEU TRAN\OneDrive\Máy tính\Kiến Trúc\Web\Web\src\components\ProductCard.vue
		C:\Users\DIEU TRAN\OneDrive\Máy tính\Kiến Trúc\Web\Web\src\components\ProductDetails.vue = C:\Users\DIEU TRAN\OneDrive\Máy tính\Kiến Trúc\Web\Web\src\components\ProductDetails.vue
		C:\Users\DIEU TRAN\OneDrive\Máy tính\Kiến Trúc\Web\Web\src\components\ProductList.vue = C:\Users\DIEU TRAN\OneDrive\Máy tính\Kiến Trúc\Web\Web\src\components\ProductList.vue
		C:\Users\DIEU TRAN\OneDrive\Máy tính\Kiến Trúc\Web\Web\src\components\SalesAgents.vue = C:\Users\DIEU TRAN\OneDrive\Máy tính\Kiến Trúc\Web\Web\src\components\SalesAgents.vue
		C:\Users\DIEU TRAN\OneDrive\Máy tính\Kiến Trúc\Web\Web\src\components\SalesBar.js = C:\Users\DIEU TRAN\OneDrive\Máy tính\Kiến Trúc\Web\Web\src\components\SalesBar.js
		C:\Users\DIEU TRAN\OneDrive\Máy tính\Kiến Trúc\Web\Web\src\components\SalesDistribution.vue = C:\Users\DIEU TRAN\OneDrive\Máy tính\Kiến Trúc\Web\Web\src\components\SalesDistribution.vue
		C:\Users\DIEU TRAN\OneDrive\Máy tính\Kiến Trúc\Web\Web\src\components\SalesLines.js = C:\Users\DIEU TRAN\OneDrive\Máy tính\Kiến Trúc\Web\Web\src\components\SalesLines.js
		C:\Users\DIEU TRAN\OneDrive\Máy tính\Kiến Trúc\Web\Web\src\components\SalesPie.js = C:\Users\DIEU TRAN\OneDrive\Máy tính\Kiến Trúc\Web\Web\src\components\SalesPie.js
		C:\Users\DIEU TRAN\OneDrive\Máy tính\Kiến Trúc\Web\Web\src\components\SalesTrendsLines.vue = C:\Users\DIEU TRAN\OneDrive\Máy tính\Kiến Trúc\Web\Web\src\components\SalesTrendsLines.vue
		C:\Users\DIEU TRAN\OneDrive\Máy tính\Kiến Trúc\Web\Web\src\components\TotalSalesCard.vue = C:\Users\DIEU TRAN\OneDrive\Máy tính\Kiến Trúc\Web\Web\src\components\TotalSalesCard.vue
	EndProjectSection
EndProject
Project("{2150E333-8FDC-42A3-9474-1A3956D46DE8}") = "assets", "assets", "{BFC30294-7703-41F7-817B-75D36B91D5E4}"
	ProjectSection(SolutionItems) = preProject
		C:\Users\DIEU TRAN\OneDrive\Máy tính\Kiến Trúc\Web\Web\src\assets\logo.png = C:\Users\DIEU TRAN\OneDrive\Máy tính\Kiến Trúc\Web\Web\src\assets\logo.png
		C:\Users\DIEU TRAN\OneDrive\Máy tính\Kiến Trúc\Web\Web\src\assets\logo_horizontal.png = C:\Users\DIEU TRAN\OneDrive\Máy tính\Kiến Trúc\Web\Web\src\assets\logo_horizontal.png
	EndProjectSection
EndProject
Project("{2150E333-8FDC-42A3-9474-1A3956D46DE8}") = "http", "http", "{804A409B-EABB-4CA9-B79A-5B7C361D6AB0}"
	ProjectSection(SolutionItems) = preProject
		C:\Users\DIEU TRAN\OneDrive\Máy tính\Kiến Trúc\Web\Web\src\components\http\ApiClient.js = C:\Users\DIEU TRAN\OneDrive\Máy tính\Kiến Trúc\Web\Web\src\components\http\ApiClient.js
		C:\Users\DIEU TRAN\OneDrive\Máy tính\Kiến Trúc\Web\Web\src\components\http\Auth.js = C:\Users\DIEU TRAN\OneDrive\Máy tính\Kiến Trúc\Web\Web\src\components\http\Auth.js
		C:\Users\DIEU TRAN\OneDrive\Máy tính\Kiến Trúc\Web\Web\src\components\http\WebSocket.js = C:\Users\DIEU TRAN\OneDrive\Máy tính\Kiến Trúc\Web\Web\src\components\http\WebSocket.js
	EndProjectSection
EndProject
Project("{2150E333-8FDC-42A3-9474-1A3956D46DE8}") = "AgentPortalApiGateway", "AgentPortalApiGateway", "{0A028FE5-4399-449B-A2E2-1D43E33B11D2}"
EndProject
Project("{2150E333-8FDC-42A3-9474-1A3956D46DE8}") = "Properties", "Properties", "{0180BB77-E09F-4491-A39B-561E3882D1F8}"
EndProject
Project("{2150E333-8FDC-42A3-9474-1A3956D46DE8}") = "wwwroot", "wwwroot", "{CDA15A71-EA76-48D8-83CD-2B59AF689DCE}"
	ProjectSection(SolutionItems) = preProject
		C:\Users\DIEU TRAN\OneDrive\Máy tính\Kiến Trúc\BlazorWasmClient\BlazorWasmClient\wwwroot\appsettings.json = C:\Users\DIEU TRAN\OneDrive\Máy tính\Kiến Trúc\BlazorWasmClient\BlazorWasmClient\wwwroot\appsettings.json
		C:\Users\DIEU TRAN\OneDrive\Máy tính\Kiến Trúc\BlazorWasmClient\BlazorWasmClient\wwwroot\brand-logo.png = C:\Users\DIEU TRAN\OneDrive\Máy tính\Kiến Trúc\BlazorWasmClient\BlazorWasmClient\wwwroot\brand-logo.png
		C:\Users\DIEU TRAN\OneDrive\Máy tính\Kiến Trúc\BlazorWasmClient\BlazorWasmClient\wwwroot\favicon.ico = C:\Users\DIEU TRAN\OneDrive\Máy tính\Kiến Trúc\BlazorWasmClient\BlazorWasmClient\wwwroot\favicon.ico
		C:\Users\DIEU TRAN\OneDrive\Máy tính\Kiến Trúc\BlazorWasmClient\BlazorWasmClient\wwwroot\index.html = C:\Users\DIEU TRAN\OneDrive\Máy tính\Kiến Trúc\BlazorWasmClient\BlazorWasmClient\wwwroot\index.html
	EndProjectSection
EndProject
Project("{2150E333-8FDC-42A3-9474-1A3956D46DE8}") = "css", "css", "{BADF4406-C822-47DF-A890-C8103CB824B8}"
	ProjectSection(SolutionItems) = preProject
		C:\Users\DIEU TRAN\OneDrive\Máy tính\Kiến Trúc\BlazorWasmClient\BlazorWasmClient\wwwroot\css\blazor-ui.css = C:\Users\DIEU TRAN\OneDrive\Máy tính\Kiến Trúc\BlazorWasmClient\BlazorWasmClient\wwwroot\css\blazor-ui.css
	EndProjectSection
EndProject
Project("{2150E333-8FDC-42A3-9474-1A3956D46DE8}") = "js", "js", "{8D9833B8-19FA-4CAF-B7C2-6A4A024E0C0D}"
EndProject
Project("{2150E333-8FDC-42A3-9474-1A3956D46DE8}") = "static", "static", "{094BE258-5E00-4623-B716-FD0A58DB23B3}"
	ProjectSection(SolutionItems) = preProject
		C:\Users\DIEU TRAN\OneDrive\Máy tính\Kiến Trúc\BlazorWasmClient\BlazorWasmClient\wwwroot\css\blazor-ui.css = C:\Users\DIEU TRAN\OneDrive\Máy tính\Kiến Trúc\BlazorWasmClient\BlazorWasmClient\wwwroot\css\blazor-ui.css
	EndProjectSection
EndProject
Project("{2150E333-8FDC-42A3-9474-1A3956D46DE8}") = "material", "material", "{BAEDA38D-D90C-42B8-858C-F6CC23CE5EB5}"
	ProjectSection(SolutionItems) = preProject
		C:\Users\DIEU TRAN\OneDrive\Máy tính\Kiến Trúc\BlazorWasmClient\BlazorWasmClient\wwwroot\css\material\material.css = C:\Users\DIEU TRAN\OneDrive\Máy tính\Kiến Trúc\BlazorWasmClient\BlazorWasmClient\wwwroot\css\material\material.css
		C:\Users\DIEU TRAN\OneDrive\Máy tính\Kiến Trúc\BlazorWasmClient\BlazorWasmClient\wwwroot\css\material\material.css.map = C:\Users\DIEU TRAN\OneDrive\Máy tính\Kiến Trúc\BlazorWasmClient\BlazorWasmClient\wwwroot\css\material\material.css.map
		C:\Users\DIEU TRAN\OneDrive\Máy tính\Kiến Trúc\BlazorWasmClient\BlazorWasmClient\wwwroot\css\material\material.min.css = C:\Users\DIEU TRAN\OneDrive\Máy tính\Kiến Trúc\BlazorWasmClient\BlazorWasmClient\wwwroot\css\material\material.min.css
		C:\Users\DIEU TRAN\OneDrive\Máy tính\Kiến Trúc\BlazorWasmClient\BlazorWasmClient\wwwroot\css\material\material.min.css.map = C:\Users\DIEU TRAN\OneDrive\Máy tính\Kiến Trúc\BlazorWasmClient\BlazorWasmClient\wwwroot\css\material\material.min.css.map
	EndProjectSection
EndProject
Project("{2150E333-8FDC-42A3-9474-1A3956D46DE8}") = "material", "material", "{977D02A5-605B-4E22-87FA-BC02E6DEE727}"
	ProjectSection(SolutionItems) = preProject
		C:\Users\DIEU TRAN\OneDrive\Máy tính\Kiến Trúc\BlazorWasmClient\BlazorWasmClient\wwwroot\js\material\material.js = C:\Users\DIEU TRAN\OneDrive\Máy tính\Kiến Trúc\BlazorWasmClient\BlazorWasmClient\wwwroot\js\material\material.js
		C:\Users\DIEU TRAN\OneDrive\Máy tính\Kiến Trúc\BlazorWasmClient\BlazorWasmClient\wwwroot\js\material\material.js.map = C:\Users\DIEU TRAN\OneDrive\Máy tính\Kiến Trúc\BlazorWasmClient\BlazorWasmClient\wwwroot\js\material\material.js.map
		C:\Users\DIEU TRAN\OneDrive\Máy tính\Kiến Trúc\BlazorWasmClient\BlazorWasmClient\wwwroot\js\material\material.min.js = C:\Users\DIEU TRAN\OneDrive\Máy tính\Kiến Trúc\BlazorWasmClient\BlazorWasmClient\wwwroot\js\material\material.min.js
		C:\Users\DIEU TRAN\OneDrive\Máy tính\Kiến Trúc\BlazorWasmClient\BlazorWasmClient\wwwroot\js\material\material.min.js.map = C:\Users\DIEU TRAN\OneDrive\Máy tính\Kiến Trúc\BlazorWasmClient\BlazorWasmClient\wwwroot\js\material\material.min.js.map
	EndProjectSection
EndProject
Project("{2150E333-8FDC-42A3-9474-1A3956D46DE8}") = "material", "material", "{3DC9E9DB-E64B-4445-A052-39A69D8E9DCA}"
	ProjectSection(SolutionItems) = preProject
		C:\Users\DIEU TRAN\OneDrive\Máy tính\Kiến Trúc\BlazorWasmClient\BlazorWasmClient\wwwroot\css\material\material.css = C:\Users\DIEU TRAN\OneDrive\Máy tính\Kiến Trúc\BlazorWasmClient\BlazorWasmClient\wwwroot\css\material\material.css
		C:\Users\DIEU TRAN\OneDrive\Máy tính\Kiến Trúc\BlazorWasmClient\BlazorWasmClient\wwwroot\css\material\material.css.map = C:\Users\DIEU TRAN\OneDrive\Máy tính\Kiến Trúc\BlazorWasmClient\BlazorWasmClient\wwwroot\css\material\material.css.map
		C:\Users\DIEU TRAN\OneDrive\Máy tính\Kiến Trúc\BlazorWasmClient\BlazorWasmClient\wwwroot\css\material\material.min.css = C:\Users\DIEU TRAN\OneDrive\Máy tính\Kiến Trúc\BlazorWasmClient\BlazorWasmClient\wwwroot\css\material\material.min.css
		C:\Users\DIEU TRAN\OneDrive\Máy tính\Kiến Trúc\BlazorWasmClient\BlazorWasmClient\wwwroot\css\material\material.min.css.map = C:\Users\DIEU TRAN\OneDrive\Máy tính\Kiến Trúc\BlazorWasmClient\BlazorWasmClient\wwwroot\css\material\material.min.css.map
	EndProjectSection
EndProject
Project("{2150E333-8FDC-42A3-9474-1A3956D46DE8}") = "Shared", "Shared", "{B1CC80F4-67A8-4545-83BC-50B256F82C10}"
	ProjectSection(SolutionItems) = preProject
		C:\Users\DIEU TRAN\OneDrive\Máy tính\Kiến Trúc\BlazorWasmClient\BlazorWasmClient\Shared\ApiResponse.cs = C:\Users\DIEU TRAN\OneDrive\Máy tính\Kiến Trúc\BlazorWasmClient\BlazorWasmClient\Shared\ApiResponse.cs
		C:\Users\DIEU TRAN\OneDrive\Máy tính\Kiến Trúc\BlazorWasmClient\BlazorWasmClient\Shared\CustomValidations.cs = C:\Users\DIEU TRAN\OneDrive\Máy tính\Kiến Trúc\BlazorWasmClient\BlazorWasmClient\Shared\CustomValidations.cs
		C:\Users\DIEU TRAN\OneDrive\Máy tính\Kiến Trúc\BlazorWasmClient\BlazorWasmClient\Shared\DateTimeExtension.cs = C:\Users\DIEU TRAN\OneDrive\Máy tính\Kiến Trúc\BlazorWasmClient\BlazorWasmClient\Shared\DateTimeExtension.cs
		C:\Users\DIEU TRAN\OneDrive\Máy tính\Kiến Trúc\BlazorWasmClient\BlazorWasmClient\Shared\ProductIcons.cs = C:\Users\DIEU TRAN\OneDrive\Máy tính\Kiến Trúc\BlazorWasmClient\BlazorWasmClient\Shared\ProductIcons.cs
	EndProjectSection
EndProject
Project("{2150E333-8FDC-42A3-9474-1A3956D46DE8}") = "Properties", "Properties", "{5D067AD4-B598-4ABF-A5C3-463A6337E672}"
	ProjectSection(SolutionItems) = preProject
		C:\Users\DIEU TRAN\OneDrive\Máy tính\Kiến Trúc\BlazorWasmClient\BlazorWasmClient\Properties\launchSettings.json = C:\Users\DIEU TRAN\OneDrive\Máy tính\Kiến Trúc\BlazorWasmClient\BlazorWasmClient\Properties\launchSettings.json
	EndProjectSection
EndProject
Project("{2150E333-8FDC-42A3-9474-1A3956D46DE8}") = "Pages", "Pages", "{D1D0CBFB-9DEF-4EA0-9F10-1BFB8C1CD352}"
	ProjectSection(SolutionItems) = preProject
		C:\Users\DIEU TRAN\OneDrive\Máy tính\Kiến Trúc\BlazorWasmClient\BlazorWasmClient\Pages\Home.razor = C:\Users\DIEU TRAN\OneDrive\Máy tính\Kiến Trúc\BlazorWasmClient\BlazorWasmClient\Pages\Home.razor
	EndProjectSection
EndProject
Project("{2150E333-8FDC-42A3-9474-1A3956D46DE8}") = "Layouts", "Layouts", "{259593DF-7E7C-4E9C-A8B5-653C33A5B1F9}"
	ProjectSection(SolutionItems) = preProject
		C:\Users\DIEU TRAN\OneDrive\Máy tính\Kiến Trúc\BlazorWasmClient\BlazorWasmClient\Layouts\MainLayout.razor = C:\Users\DIEU TRAN\OneDrive\Máy tính\Kiến Trúc\BlazorWasmClient\BlazorWasmClient\Layouts\MainLayout.razor
		C:\Users\DIEU TRAN\OneDrive\Máy tính\Kiến Trúc\BlazorWasmClient\BlazorWasmClient\Layouts\MainLayout.razor.cs = C:\Users\DIEU TRAN\OneDrive\Máy tính\Kiến Trúc\BlazorWasmClient\BlazorWasmClient\Layouts\MainLayout.razor.cs
	EndProjectSection
EndProject
Project("{2150E333-8FDC-42A3-9474-1A3956D46DE8}") = "Components", "Components", "{D3C3E686-ED73-40BF-9E0D-5C8A8B8F618B}"
EndProject
Project("{2150E333-8FDC-42A3-9474-1A3956D46DE8}") = "Auth", "Auth", "{CD67FD72-5E79-4976-A826-80709C63A06F}"
	ProjectSection(SolutionItems) = preProject
		C:\Users\DIEU TRAN\OneDrive\Máy tính\Kiến Trúc\BlazorWasmClient\BlazorWasmClient\Components\Auth\AuthClient.cs = C:\Users\DIEU TRAN\OneDrive\Máy tính\Kiến Trúc\BlazorWasmClient\BlazorWasmClient\Components\Auth\AuthClient.cs
		C:\Users\DIEU TRAN\OneDrive\Máy tính\Kiến Trúc\BlazorWasmClient\BlazorWasmClient\Components\Auth\AuthRequest.cs = C:\Users\DIEU TRAN\OneDrive\Máy tính\Kiến Trúc\BlazorWasmClient\BlazorWasmClient\Components\Auth\AuthRequest.cs
		C:\Users\DIEU TRAN\OneDrive\Máy tính\Kiến Trúc\BlazorWasmClient\BlazorWasmClient\Components\Auth\AuthResponse.cs = C:\Users\DIEU TRAN\OneDrive\Máy tính\Kiến Trúc\BlazorWasmClient\BlazorWasmClient\Components\Auth\AuthResponse.cs
		C:\Users\DIEU TRAN\OneDrive\Máy tính\Kiến Trúc\BlazorWasmClient\BlazorWasmClient\Components\Auth\CustomAuthenticationStateProvider.cs = C:\Users\DIEU TRAN\OneDrive\Máy tính\Kiến Trúc\BlazorWasmClient\BlazorWasmClient\Components\Auth\CustomAuthenticationStateProvider.cs
		C:\Users\DIEU TRAN\OneDrive\Máy tính\Kiến Trúc\BlazorWasmClient\BlazorWasmClient\Components\Auth\Login.razor = C:\Users\DIEU TRAN\OneDrive\Máy tính\Kiến Trúc\BlazorWasmClient\BlazorWasmClient\Components\Auth\Login.razor
		C:\Users\DIEU TRAN\OneDrive\Máy tính\Kiến Trúc\BlazorWasmClient\BlazorWasmClient\Components\Auth\SessionStorageExtension.cs = C:\Users\DIEU TRAN\OneDrive\Máy tính\Kiến Trúc\BlazorWasmClient\BlazorWasmClient\Components\Auth\SessionStorageExtension.cs
		C:\Users\DIEU TRAN\OneDrive\Máy tính\Kiến Trúc\BlazorWasmClient\BlazorWasmClient\Components\Auth\UserSession.cs = C:\Users\DIEU TRAN\OneDrive\Máy tính\Kiến Trúc\BlazorWasmClient\BlazorWasmClient\Components\Auth\UserSession.cs
	EndProjectSection
EndProject
Project("{2150E333-8FDC-42A3-9474-1A3956D46DE8}") = "Chat", "Chat", "{F7684926-CBDC-4532-B741-119A8A3C9433}"
	ProjectSection(SolutionItems) = preProject
		C:\Users\DIEU TRAN\OneDrive\Máy tính\Kiến Trúc\BlazorWasmClient\BlazorWasmClient\Components\Chat\Chat.razor = C:\Users\DIEU TRAN\OneDrive\Máy tính\Kiến Trúc\BlazorWasmClient\BlazorWasmClient\Components\Chat\Chat.razor
		C:\Users\DIEU TRAN\OneDrive\Máy tính\Kiến Trúc\BlazorWasmClient\BlazorWasmClient\Components\Chat\ChatMessage.cs = C:\Users\DIEU TRAN\OneDrive\Máy tính\Kiến Trúc\BlazorWasmClient\BlazorWasmClient\Components\Chat\ChatMessage.cs
	EndProjectSection
EndProject
Project("{2150E333-8FDC-42A3-9474-1A3956D46DE8}") = "Dashboard", "Dashboard", "{00705E05-7B37-41A3-8C7F-8761120A6837}"
	ProjectSection(SolutionItems) = preProject
		C:\Users\DIEU TRAN\OneDrive\Máy tính\Kiến Trúc\BlazorWasmClient\BlazorWasmClient\Components\Dashboard\Dashboard.razor = C:\Users\DIEU TRAN\OneDrive\Máy tính\Kiến Trúc\BlazorWasmClient\BlazorWasmClient\Components\Dashboard\Dashboard.razor
		C:\Users\DIEU TRAN\OneDrive\Máy tính\Kiến Trúc\BlazorWasmClient\BlazorWasmClient\Components\Dashboard\DashboardClient.cs = C:\Users\DIEU TRAN\OneDrive\Máy tính\Kiến Trúc\BlazorWasmClient\BlazorWasmClient\Components\Dashboard\DashboardClient.cs
		C:\Users\DIEU TRAN\OneDrive\Máy tính\Kiến Trúc\BlazorWasmClient\BlazorWasmClient\Components\Dashboard\ProductsSalesCard.razor = C:\Users\DIEU TRAN\OneDrive\Máy tính\Kiến Trúc\BlazorWasmClient\BlazorWasmClient\Components\Dashboard\ProductsSalesCard.razor
		C:\Users\DIEU TRAN\OneDrive\Máy tính\Kiến Trúc\BlazorWasmClient\BlazorWasmClient\Components\Dashboard\ProductTotalSalesModel.cs = C:\Users\DIEU TRAN\OneDrive\Máy tính\Kiến Trúc\BlazorWasmClient\BlazorWasmClient\Components\Dashboard\ProductTotalSalesModel.cs
		C:\Users\DIEU TRAN\OneDrive\Máy tính\Kiến Trúc\BlazorWasmClient\BlazorWasmClient\Components\Dashboard\SalesAgentsCard.razor = C:\Users\DIEU TRAN\OneDrive\Máy tính\Kiến Trúc\BlazorWasmClient\BlazorWasmClient\Components\Dashboard\SalesAgentsCard.razor
		C:\Users\DIEU TRAN\OneDrive\Máy tính\Kiến Trúc\BlazorWasmClient\BlazorWasmClient\Components\Dashboard\TotalSalesCard.razor = C:\Users\DIEU TRAN\OneDrive\Máy tính\Kiến Trúc\BlazorWasmClient\BlazorWasmClient\Components\Dashboard\TotalSalesCard.razor
		C:\Users\DIEU TRAN\OneDrive\Máy tính\Kiến Trúc\BlazorWasmClient\BlazorWasmClient\Components\Dashboard\TrandsCard.razor = C:\Users\DIEU TRAN\OneDrive\Máy tính\Kiến Trúc\BlazorWasmClient\BlazorWasmClient\Components\Dashboard\TrandsCard.razor
	EndProjectSection
EndProject
Project("{2150E333-8FDC-42A3-9474-1A3956D46DE8}") = "Layout", "Layout", "{1EF2B4FB-DFCB-4F63-AC81-320DD35B0C72}"
	ProjectSection(SolutionItems) = preProject
		C:\Users\DIEU TRAN\OneDrive\Máy tính\Kiến Trúc\BlazorWasmClient\BlazorWasmClient\Components\Layout\FooterMenu.razor = C:\Users\DIEU TRAN\OneDrive\Máy tính\Kiến Trúc\BlazorWasmClient\BlazorWasmClient\Components\Layout\FooterMenu.razor
		C:\Users\DIEU TRAN\OneDrive\Máy tính\Kiến Trúc\BlazorWasmClient\BlazorWasmClient\Components\Layout\SideMenu.razor = C:\Users\DIEU TRAN\OneDrive\Máy tính\Kiến Trúc\BlazorWasmClient\BlazorWasmClient\Components\Layout\SideMenu.razor
		C:\Users\DIEU TRAN\OneDrive\Máy tính\Kiến Trúc\BlazorWasmClient\BlazorWasmClient\Components\Layout\ThemeColorSelector.razor = C:\Users\DIEU TRAN\OneDrive\Máy tính\Kiến Trúc\BlazorWasmClient\BlazorWasmClient\Components\Layout\ThemeColorSelector.razor
		C:\Users\DIEU TRAN\OneDrive\Máy tính\Kiến Trúc\BlazorWasmClient\BlazorWasmClient\Components\Layout\ThemeColorSelector.razor.css = C:\Users\DIEU TRAN\OneDrive\Máy tính\Kiến Trúc\BlazorWasmClient\BlazorWasmClient\Components\Layout\ThemeColorSelector.razor.css
		C:\Users\DIEU TRAN\OneDrive\Máy tính\Kiến Trúc\BlazorWasmClient\BlazorWasmClient\Components\Layout\TopMenu.razor = C:\Users\DIEU TRAN\OneDrive\Máy tính\Kiến Trúc\BlazorWasmClient\BlazorWasmClient\Components\Layout\TopMenu.razor
	EndProjectSection
EndProject
Project("{2150E333-8FDC-42A3-9474-1A3956D46DE8}") = "PolicySearch", "PolicySearch", "{0C4E7F3F-7B33-4B58-BCAD-C4CD4F70933F}"
	ProjectSection(SolutionItems) = preProject
		C:\Users\DIEU TRAN\OneDrive\Máy tính\Kiến Trúc\BlazorWasmClient\BlazorWasmClient\Components\PolicySearch\PolicySearch.razor = C:\Users\DIEU TRAN\OneDrive\Máy tính\Kiến Trúc\BlazorWasmClient\BlazorWasmClient\Components\PolicySearch\PolicySearch.razor
		C:\Users\DIEU TRAN\OneDrive\Máy tính\Kiến Trúc\BlazorWasmClient\BlazorWasmClient\Components\PolicySearch\PolicySearchClient.cs = C:\Users\DIEU TRAN\OneDrive\Máy tính\Kiến Trúc\BlazorWasmClient\BlazorWasmClient\Components\PolicySearch\PolicySearchClient.cs
		C:\Users\DIEU TRAN\OneDrive\Máy tính\Kiến Trúc\BlazorWasmClient\BlazorWasmClient\Components\PolicySearch\PolicySearchCriteriaModel.cs = C:\Users\DIEU TRAN\OneDrive\Máy tính\Kiến Trúc\BlazorWasmClient\BlazorWasmClient\Components\PolicySearch\PolicySearchCriteriaModel.cs
	EndProjectSection
EndProject
Project("{2150E333-8FDC-42A3-9474-1A3956D46DE8}") = "Products", "Products", "{61E0F762-CDC9-4016-9568-DCA2BA63621B}"
	ProjectSection(SolutionItems) = preProject
		C:\Users\DIEU TRAN\OneDrive\Máy tính\Kiến Trúc\BlazorWasmClient\BlazorWasmClient\Components\Products\ContractDetailsSection.razor = C:\Users\DIEU TRAN\OneDrive\Máy tính\Kiến Trúc\BlazorWasmClient\BlazorWasmClient\Components\Products\ContractDetailsSection.razor
		C:\Users\DIEU TRAN\OneDrive\Máy tính\Kiến Trúc\BlazorWasmClient\BlazorWasmClient\Components\Products\OfferParametersModel.cs = C:\Users\DIEU TRAN\OneDrive\Máy tính\Kiến Trúc\BlazorWasmClient\BlazorWasmClient\Components\Products\OfferParametersModel.cs
		C:\Users\DIEU TRAN\OneDrive\Máy tính\Kiến Trúc\BlazorWasmClient\BlazorWasmClient\Components\Products\OfferParamsSection.razor = C:\Users\DIEU TRAN\OneDrive\Máy tính\Kiến Trúc\BlazorWasmClient\BlazorWasmClient\Components\Products\OfferParamsSection.razor
		C:\Users\DIEU TRAN\OneDrive\Máy tính\Kiến Trúc\BlazorWasmClient\BlazorWasmClient\Components\Products\PolicyClient.cs = C:\Users\DIEU TRAN\OneDrive\Máy tính\Kiến Trúc\BlazorWasmClient\BlazorWasmClient\Components\Products\PolicyClient.cs
		C:\Users\DIEU TRAN\OneDrive\Máy tính\Kiến Trúc\BlazorWasmClient\BlazorWasmClient\Components\Products\PolicySummarySection.razor = C:\Users\DIEU TRAN\OneDrive\Máy tính\Kiến Trúc\BlazorWasmClient\BlazorWasmClient\Components\Products\PolicySummarySection.razor
		C:\Users\DIEU TRAN\OneDrive\Máy tính\Kiến Trúc\BlazorWasmClient\BlazorWasmClient\Components\Products\ProductCard.razor = C:\Users\DIEU TRAN\OneDrive\Máy tính\Kiến Trúc\BlazorWasmClient\BlazorWasmClient\Components\Products\ProductCard.razor
		C:\Users\DIEU TRAN\OneDrive\Máy tính\Kiến Trúc\BlazorWasmClient\BlazorWasmClient\Components\Products\ProductDetails.razor = C:\Users\DIEU TRAN\OneDrive\Máy tính\Kiến Trúc\BlazorWasmClient\BlazorWasmClient\Components\Products\ProductDetails.razor
		C:\Users\DIEU TRAN\OneDrive\Máy tính\Kiến Trúc\BlazorWasmClient\BlazorWasmClient\Components\Products\ProductsClient.cs = C:\Users\DIEU TRAN\OneDrive\Máy tính\Kiến Trúc\BlazorWasmClient\BlazorWasmClient\Components\Products\ProductsClient.cs
		C:\Users\DIEU TRAN\OneDrive\Máy tính\Kiến Trúc\BlazorWasmClient\BlazorWasmClient\Components\Products\ProductsList.razor = C:\Users\DIEU TRAN\OneDrive\Máy tính\Kiến Trúc\BlazorWasmClient\BlazorWasmClient\Components\Products\ProductsList.razor
	EndProjectSection
EndProject
Global
	GlobalSection(SolutionConfigurationPlatforms) = preSolution
		Debug|Any CPU = Debug|Any CPU
		Release|Any CPU = Release|Any CPU
	EndGlobalSection
	GlobalSection(ProjectConfigurationPlatforms) = postSolution
		{76DFD5FD-98FE-4EE0-B595-3C7EA7B3CBF8}.Debug|Any CPU.ActiveCfg = Debug|Any CPU
		{76DFD5FD-98FE-4EE0-B595-3C7EA7B3CBF8}.Debug|Any CPU.Build.0 = Debug|Any CPU
		{76DFD5FD-98FE-4EE0-B595-3C7EA7B3CBF8}.Release|Any CPU.ActiveCfg = Release|Any CPU
		{76DFD5FD-98FE-4EE0-B595-3C7EA7B3CBF8}.Release|Any CPU.Build.0 = Release|Any CPU
		{D70D95E5-B2A2-4CF6-85F7-FD0EE7D34B20}.Debug|Any CPU.ActiveCfg = Debug|Any CPU
		{D70D95E5-B2A2-4CF6-85F7-FD0EE7D34B20}.Debug|Any CPU.Build.0 = Debug|Any CPU
		{D70D95E5-B2A2-4CF6-85F7-FD0EE7D34B20}.Release|Any CPU.ActiveCfg = Release|Any CPU
		{D70D95E5-B2A2-4CF6-85F7-FD0EE7D34B20}.Release|Any CPU.Build.0 = Release|Any CPU
		{07102EE7-5985-411A-95D5-B8D800EA60F7}.Debug|Any CPU.ActiveCfg = Debug|Any CPU
		{07102EE7-5985-411A-95D5-B8D800EA60F7}.Debug|Any CPU.Build.0 = Debug|Any CPU
		{07102EE7-5985-411A-95D5-B8D800EA60F7}.Release|Any CPU.ActiveCfg = Release|Any CPU
		{07102EE7-5985-411A-95D5-B8D800EA60F7}.Release|Any CPU.Build.0 = Release|Any CPU
		{DBDB2558-096E-414A-A782-4FD867EEA132}.Debug|Any CPU.ActiveCfg = Debug|Any CPU
		{DBDB2558-096E-414A-A782-4FD867EEA132}.Debug|Any CPU.Build.0 = Debug|Any CPU
		{DBDB2558-096E-414A-A782-4FD867EEA132}.Release|Any CPU.ActiveCfg = Release|Any CPU
		{DBDB2558-096E-414A-A782-4FD867EEA132}.Release|Any CPU.Build.0 = Release|Any CPU
		{6040329F-33D6-4A03-B4F9-8605E02DF7E1}.Debug|Any CPU.ActiveCfg = Debug|Any CPU
		{6040329F-33D6-4A03-B4F9-8605E02DF7E1}.Debug|Any CPU.Build.0 = Debug|Any CPU
		{6040329F-33D6-4A03-B4F9-8605E02DF7E1}.Release|Any CPU.ActiveCfg = Release|Any CPU
		{6040329F-33D6-4A03-B4F9-8605E02DF7E1}.Release|Any CPU.Build.0 = Release|Any CPU
		{44587EAD-5D17-478F-B326-BD96D93DE688}.Debug|Any CPU.ActiveCfg = Debug|Any CPU
		{44587EAD-5D17-478F-B326-BD96D93DE688}.Debug|Any CPU.Build.0 = Debug|Any CPU
		{44587EAD-5D17-478F-B326-BD96D93DE688}.Release|Any CPU.ActiveCfg = Release|Any CPU
		{44587EAD-5D17-478F-B326-BD96D93DE688}.Release|Any CPU.Build.0 = Release|Any CPU
		{4EFA58C8-C1A4-4C7D-BA85-C9CCBCCD2733}.Debug|Any CPU.ActiveCfg = Debug|Any CPU
		{4EFA58C8-C1A4-4C7D-BA85-C9CCBCCD2733}.Debug|Any CPU.Build.0 = Debug|Any CPU
		{4EFA58C8-C1A4-4C7D-BA85-C9CCBCCD2733}.Release|Any CPU.ActiveCfg = Release|Any CPU
		{4EFA58C8-C1A4-4C7D-BA85-C9CCBCCD2733}.Release|Any CPU.Build.0 = Release|Any CPU
		{BDC8BCBA-6057-4825-86E1-F2F66CBAE8DF}.Debug|Any CPU.ActiveCfg = Debug|Any CPU
		{BDC8BCBA-6057-4825-86E1-F2F66CBAE8DF}.Debug|Any CPU.Build.0 = Debug|Any CPU
		{BDC8BCBA-6057-4825-86E1-F2F66CBAE8DF}.Release|Any CPU.ActiveCfg = Release|Any CPU
		{BDC8BCBA-6057-4825-86E1-F2F66CBAE8DF}.Release|Any CPU.Build.0 = Release|Any CPU
		{1517D2BC-91D7-4E1F-ACAD-D187AD8A321D}.Debug|Any CPU.ActiveCfg = Debug|Any CPU
		{1517D2BC-91D7-4E1F-ACAD-D187AD8A321D}.Debug|Any CPU.Build.0 = Debug|Any CPU
		{1517D2BC-91D7-4E1F-ACAD-D187AD8A321D}.Release|Any CPU.ActiveCfg = Release|Any CPU
		{1517D2BC-91D7-4E1F-ACAD-D187AD8A321D}.Release|Any CPU.Build.0 = Release|Any CPU
		{9EB28209-4C5B-4342-AC2F-6C24D6899495}.Debug|Any CPU.ActiveCfg = Debug|Any CPU
		{9EB28209-4C5B-4342-AC2F-6C24D6899495}.Debug|Any CPU.Build.0 = Debug|Any CPU
		{9EB28209-4C5B-4342-AC2F-6C24D6899495}.Release|Any CPU.ActiveCfg = Release|Any CPU
		{9EB28209-4C5B-4342-AC2F-6C24D6899495}.Release|Any CPU.Build.0 = Release|Any CPU
		{CD207A74-61BD-4C2B-9919-DB26F6494BBA}.Debug|Any CPU.ActiveCfg = Debug|Any CPU
		{CD207A74-61BD-4C2B-9919-DB26F6494BBA}.Debug|Any CPU.Build.0 = Debug|Any CPU
		{CD207A74-61BD-4C2B-9919-DB26F6494BBA}.Release|Any CPU.ActiveCfg = Release|Any CPU
		{CD207A74-61BD-4C2B-9919-DB26F6494BBA}.Release|Any CPU.Build.0 = Release|Any CPU
		{FB16AB24-695E-4A0F-B9CA-F7FD41B9EAD3}.Debug|Any CPU.ActiveCfg = Debug|Any CPU
		{FB16AB24-695E-4A0F-B9CA-F7FD41B9EAD3}.Debug|Any CPU.Build.0 = Debug|Any CPU
		{FB16AB24-695E-4A0F-B9CA-F7FD41B9EAD3}.Release|Any CPU.ActiveCfg = Release|Any CPU
		{FB16AB24-695E-4A0F-B9CA-F7FD41B9EAD3}.Release|Any CPU.Build.0 = Release|Any CPU
		{30658081-085A-419A-A08F-C19FE6A8C742}.Debug|Any CPU.ActiveCfg = Debug|Any CPU
		{30658081-085A-419A-A08F-C19FE6A8C742}.Debug|Any CPU.Build.0 = Debug|Any CPU
		{30658081-085A-419A-A08F-C19FE6A8C742}.Release|Any CPU.ActiveCfg = Release|Any CPU
		{30658081-085A-419A-A08F-C19FE6A8C742}.Release|Any CPU.Build.0 = Release|Any CPU
		{D74A3F54-06EE-41AC-B107-20B526B41349}.Debug|Any CPU.ActiveCfg = Debug|Any CPU
		{D74A3F54-06EE-41AC-B107-20B526B41349}.Debug|Any CPU.Build.0 = Debug|Any CPU
		{D74A3F54-06EE-41AC-B107-20B526B41349}.Release|Any CPU.ActiveCfg = Release|Any CPU
		{D74A3F54-06EE-41AC-B107-20B526B41349}.Release|Any CPU.Build.0 = Release|Any CPU
		{D92A1108-217F-4CCF-8BB2-EB557B4CBCD8}.Debug|Any CPU.ActiveCfg = Debug|Any CPU
		{D92A1108-217F-4CCF-8BB2-EB557B4CBCD8}.Debug|Any CPU.Build.0 = Debug|Any CPU
		{D92A1108-217F-4CCF-8BB2-EB557B4CBCD8}.Release|Any CPU.ActiveCfg = Release|Any CPU
		{D92A1108-217F-4CCF-8BB2-EB557B4CBCD8}.Release|Any CPU.Build.0 = Release|Any CPU
		{DFBBCE98-C1B0-4C07-A252-9AB37F8ED521}.Debug|Any CPU.ActiveCfg = Debug|Any CPU
		{DFBBCE98-C1B0-4C07-A252-9AB37F8ED521}.Debug|Any CPU.Build.0 = Debug|Any CPU
		{DFBBCE98-C1B0-4C07-A252-9AB37F8ED521}.Release|Any CPU.ActiveCfg = Release|Any CPU
		{DFBBCE98-C1B0-4C07-A252-9AB37F8ED521}.Release|Any CPU.Build.0 = Release|Any CPU
		{B62B4677-FD6D-4833-96C6-8A964CE91059}.Debug|Any CPU.ActiveCfg = Debug|Any CPU
		{B62B4677-FD6D-4833-96C6-8A964CE91059}.Debug|Any CPU.Build.0 = Debug|Any CPU
		{B62B4677-FD6D-4833-96C6-8A964CE91059}.Release|Any CPU.ActiveCfg = Release|Any CPU
		{B62B4677-FD6D-4833-96C6-8A964CE91059}.Release|Any CPU.Build.0 = Release|Any CPU
		{4C68AA1F-9281-49EA-A66A-9841CE1CAA3C}.Debug|Any CPU.ActiveCfg = Debug|Any CPU
		{4C68AA1F-9281-49EA-A66A-9841CE1CAA3C}.Debug|Any CPU.Build.0 = Debug|Any CPU
		{4C68AA1F-9281-49EA-A66A-9841CE1CAA3C}.Release|Any CPU.ActiveCfg = Release|Any CPU
		{4C68AA1F-9281-49EA-A66A-9841CE1CAA3C}.Release|Any CPU.Build.0 = Release|Any CPU
		{12B53AA1-2F55-41B9-A64F-76B9BEFDB58A}.Debug|Any CPU.ActiveCfg = Debug|Any CPU
		{12B53AA1-2F55-41B9-A64F-76B9BEFDB58A}.Debug|Any CPU.Build.0 = Debug|Any CPU
		{12B53AA1-2F55-41B9-A64F-76B9BEFDB58A}.Release|Any CPU.ActiveCfg = Release|Any CPU
		{12B53AA1-2F55-41B9-A64F-76B9BEFDB58A}.Release|Any CPU.Build.0 = Release|Any CPU
		{39FFB15E-4628-42F1-A44C-7FE7E9CDF957}.Debug|Any CPU.ActiveCfg = Debug|Any CPU
		{39FFB15E-4628-42F1-A44C-7FE7E9CDF957}.Debug|Any CPU.Build.0 = Debug|Any CPU
		{39FFB15E-4628-42F1-A44C-7FE7E9CDF957}.Release|Any CPU.ActiveCfg = Release|Any CPU
		{39FFB15E-4628-42F1-A44C-7FE7E9CDF957}.Release|Any CPU.Build.0 = Release|Any CPU
		{08EB31ED-4094-4CB8-A777-E478F416510D}.Debug|Any CPU.ActiveCfg = Debug|Any CPU
		{08EB31ED-4094-4CB8-A777-E478F416510D}.Debug|Any CPU.Build.0 = Debug|Any CPU
		{08EB31ED-4094-4CB8-A777-E478F416510D}.Release|Any CPU.ActiveCfg = Release|Any CPU
		{08EB31ED-4094-4CB8-A777-E478F416510D}.Release|Any CPU.Build.0 = Release|Any CPU
		{CBD5985E-D59C-4419-B899-6CEEDE11BBA8}.Debug|Any CPU.ActiveCfg = Debug|Any CPU
		{CBD5985E-D59C-4419-B899-6CEEDE11BBA8}.Debug|Any CPU.Build.0 = Debug|Any CPU
		{CBD5985E-D59C-4419-B899-6CEEDE11BBA8}.Release|Any CPU.ActiveCfg = Release|Any CPU
		{CBD5985E-D59C-4419-B899-6CEEDE11BBA8}.Release|Any CPU.Build.0 = Release|Any CPU
		{8D5A163A-BF54-405A-87DB-B2F74D846BFC}.Debug|Any CPU.ActiveCfg = Debug|Any CPU
		{8D5A163A-BF54-405A-87DB-B2F74D846BFC}.Debug|Any CPU.Build.0 = Debug|Any CPU
		{8D5A163A-BF54-405A-87DB-B2F74D846BFC}.Release|Any CPU.ActiveCfg = Release|Any CPU
		{8D5A163A-BF54-405A-87DB-B2F74D846BFC}.Release|Any CPU.Build.0 = Release|Any CPU
		{95FEFAF8-C869-448C-B765-95B946F00CF6}.Debug|Any CPU.ActiveCfg = Debug|Any CPU
		{95FEFAF8-C869-448C-B765-95B946F00CF6}.Debug|Any CPU.Build.0 = Debug|Any CPU
		{95FEFAF8-C869-448C-B765-95B946F00CF6}.Release|Any CPU.ActiveCfg = Release|Any CPU
		{95FEFAF8-C869-448C-B765-95B946F00CF6}.Release|Any CPU.Build.0 = Release|Any CPU
	EndGlobalSection
	GlobalSection(SolutionProperties) = preSolution
		HideSolutionNode = FALSE
	EndGlobalSection
	GlobalSection(NestedProjects) = preSolution
		{C381B909-C10D-4891-A7E2-9B3158EE7AF5} = {35EEFA86-61B6-45F4-8DF7-E87122C2AFF0}
		{AF9C72AE-E472-4988-8B3B-223F64894889} = {C381B909-C10D-4891-A7E2-9B3158EE7AF5}
		{06B628C2-F6E8-44C5-853E-71B80DA65C8E} = {AF9C72AE-E472-4988-8B3B-223F64894889}
		{923AD3CE-6E7A-4763-B3DB-8DCF149D3759} = {AF9C72AE-E472-4988-8B3B-223F64894889}
		{A886AA3D-51A5-4727-8DD1-79CF7B1C85C5} = {06B628C2-F6E8-44C5-853E-71B80DA65C8E}
		{3E73BEF0-9352-4F5B-934A-7EC1DFAAAAE9} = {A886AA3D-51A5-4727-8DD1-79CF7B1C85C5}
		{A3C1FFF2-D69C-4962-AF8E-17FAD8ADF810} = {3E73BEF0-9352-4F5B-934A-7EC1DFAAAAE9}
		{A0BE0538-5CB5-4A20-BFBD-0911A90B74BD} = {35EEFA86-61B6-45F4-8DF7-E87122C2AFF0}
		{C0DFD308-C198-4307-B7A2-0C420D4E0A5A} = {A0BE0538-5CB5-4A20-BFBD-0911A90B74BD}
		{519F53A3-73AE-4013-89C5-0CA245D05DC9} = {210774CF-D11B-42A0-A9DB-0435F2BAEB74}
		{B1F52A86-E360-41F2-87C9-57086EE8657B} = {DB0837DD-F2E2-47FD-BABA-74BB12E964F8}
		{92A2A944-E2D1-41E9-92A5-96FBC161A13F} = {DB0837DD-F2E2-47FD-BABA-74BB12E964F8}
		{B2167835-747E-4DF4-AC65-62CA50A2F8FF} = {B1F52A86-E360-41F2-87C9-57086EE8657B}
		{B22C9FD6-30C6-4701-9AEF-CAD9385070F7} = {B2167835-747E-4DF4-AC65-62CA50A2F8FF}
		{8D97BCF1-B813-4995-8EE7-B51FD1AB5186} = {92A2A944-E2D1-41E9-92A5-96FBC161A13F}
		{6929A441-6179-4F89-AD2F-7541BC2E7CB3} = {92A2A944-E2D1-41E9-92A5-96FBC161A13F}
		{BFC30294-7703-41F7-817B-75D36B91D5E4} = {92A2A944-E2D1-41E9-92A5-96FBC161A13F}
		{804A409B-EABB-4CA9-B79A-5B7C361D6AB0} = {6929A441-6179-4F89-AD2F-7541BC2E7CB3}
		{0180BB77-E09F-4491-A39B-561E3882D1F8} = {0A028FE5-4399-449B-A2E2-1D43E33B11D2}
		{CDA15A71-EA76-48D8-83CD-2B59AF689DCE} = {54A692CB-2B48-4A28-A7E9-7BA486D2F0F2}
		{BADF4406-C822-47DF-A890-C8103CB824B8} = {CDA15A71-EA76-48D8-83CD-2B59AF689DCE}
		{8D9833B8-19FA-4CAF-B7C2-6A4A024E0C0D} = {CDA15A71-EA76-48D8-83CD-2B59AF689DCE}
		{094BE258-5E00-4623-B716-FD0A58DB23B3} = {CDA15A71-EA76-48D8-83CD-2B59AF689DCE}
		{BAEDA38D-D90C-42B8-858C-F6CC23CE5EB5} = {BADF4406-C822-47DF-A890-C8103CB824B8}
		{977D02A5-605B-4E22-87FA-BC02E6DEE727} = {8D9833B8-19FA-4CAF-B7C2-6A4A024E0C0D}
		{3DC9E9DB-E64B-4445-A052-39A69D8E9DCA} = {094BE258-5E00-4623-B716-FD0A58DB23B3}
		{B1CC80F4-67A8-4545-83BC-50B256F82C10} = {54A692CB-2B48-4A28-A7E9-7BA486D2F0F2}
		{5D067AD4-B598-4ABF-A5C3-463A6337E672} = {54A692CB-2B48-4A28-A7E9-7BA486D2F0F2}
		{D1D0CBFB-9DEF-4EA0-9F10-1BFB8C1CD352} = {54A692CB-2B48-4A28-A7E9-7BA486D2F0F2}
		{259593DF-7E7C-4E9C-A8B5-653C33A5B1F9} = {54A692CB-2B48-4A28-A7E9-7BA486D2F0F2}
		{D3C3E686-ED73-40BF-9E0D-5C8A8B8F618B} = {54A692CB-2B48-4A28-A7E9-7BA486D2F0F2}
		{CD67FD72-5E79-4976-A826-80709C63A06F} = {D3C3E686-ED73-40BF-9E0D-5C8A8B8F618B}
		{F7684926-CBDC-4532-B741-119A8A3C9433} = {D3C3E686-ED73-40BF-9E0D-5C8A8B8F618B}
		{00705E05-7B37-41A3-8C7F-8761120A6837} = {D3C3E686-ED73-40BF-9E0D-5C8A8B8F618B}
		{1EF2B4FB-DFCB-4F63-AC81-320DD35B0C72} = {D3C3E686-ED73-40BF-9E0D-5C8A8B8F618B}
		{0C4E7F3F-7B33-4B58-BCAD-C4CD4F70933F} = {D3C3E686-ED73-40BF-9E0D-5C8A8B8F618B}
		{61E0F762-CDC9-4016-9568-DCA2BA63621B} = {D3C3E686-ED73-40BF-9E0D-5C8A8B8F618B}
	EndGlobalSection
	GlobalSection(ExtensibilityGlobals) = postSolution
		SolutionGuid = {BBFF5323-98AE-41C5-B289-E59C6D0241F5}
	EndGlobalSection
EndGlobal
